// !$*UTF8*$!
{
	archiveVersion = 1;
	classes = {
	};
	objectVersion = 50;
	objects = {

/* Begin PBXBuildFile section */
		A53B7FE323760B9A007D46B4 /* VenueListVC.swift in Sources */ = {isa = PBXBuildFile; fileRef = A53B7FE223760B9A007D46B4 /* VenueListVC.swift */; };
		A53B7FE52376199F007D46B4 /* VenueListTVCell.swift in Sources */ = {isa = PBXBuildFile; fileRef = A53B7FE42376199F007D46B4 /* VenueListTVCell.swift */; };
		A53B7FF9237F4551007D46B4 /* VenueImageAPIClient.swift in Sources */ = {isa = PBXBuildFile; fileRef = A53B7FF8237F4551007D46B4 /* VenueImageAPIClient.swift */; };
		A53B7FFB237F4ABD007D46B4 /* VenueImageModel.swift in Sources */ = {isa = PBXBuildFile; fileRef = A53B7FFA237F4ABD007D46B4 /* VenueImageModel.swift */; };
		A53B7FFD237F99D4007D46B4 /* CreateCollectionVC.swift in Sources */ = {isa = PBXBuildFile; fileRef = A53B7FFC237F99D4007D46B4 /* CreateCollectionVC.swift */; };
		A53B80002381953B007D46B4 /* PersistenceManager.swift in Sources */ = {isa = PBXBuildFile; fileRef = A53B7FFF2381953B007D46B4 /* PersistenceManager.swift */; };
		A53B80022381974B007D46B4 /* CollectionPersistenceHelper.swift in Sources */ = {isa = PBXBuildFile; fileRef = A53B80012381974B007D46B4 /* CollectionPersistenceHelper.swift */; };
		A53B8004238198A4007D46B4 /* CollectionModel.swift in Sources */ = {isa = PBXBuildFile; fileRef = A53B8003238198A4007D46B4 /* CollectionModel.swift */; };
		A53B80062381CA25007D46B4 /* VenueDVC.swift in Sources */ = {isa = PBXBuildFile; fileRef = A53B80052381CA25007D46B4 /* VenueDVC.swift */; };
		A5D125D02370B18100537CD9 /* AppDelegate.swift in Sources */ = {isa = PBXBuildFile; fileRef = A5D125CF2370B18100537CD9 /* AppDelegate.swift */; };
		A5D125D22370B18100537CD9 /* SceneDelegate.swift in Sources */ = {isa = PBXBuildFile; fileRef = A5D125D12370B18100537CD9 /* SceneDelegate.swift */; };
		A5D125D92370B18700537CD9 /* Assets.xcassets in Resources */ = {isa = PBXBuildFile; fileRef = A5D125D82370B18700537CD9 /* Assets.xcassets */; };
		A5D125DC2370B18700537CD9 /* LaunchScreen.storyboard in Resources */ = {isa = PBXBuildFile; fileRef = A5D125DA2370B18700537CD9 /* LaunchScreen.storyboard */; };
		A5D125E72370B18800537CD9 /* FQ_Map_ProjectTests.swift in Sources */ = {isa = PBXBuildFile; fileRef = A5D125E62370B18800537CD9 /* FQ_Map_ProjectTests.swift */; };
		A5D125F32370B34500537CD9 /* Secrets.swift in Sources */ = {isa = PBXBuildFile; fileRef = A5D125F22370B34500537CD9 /* Secrets.swift */; };
		A5D125F62370B67600537CD9 /* VenueModel.swift in Sources */ = {isa = PBXBuildFile; fileRef = A5D125F52370B67600537CD9 /* VenueModel.swift */; };
		A5D125F92370BA0400537CD9 /* NetworkManager.swift in Sources */ = {isa = PBXBuildFile; fileRef = A5D125F82370BA0400537CD9 /* NetworkManager.swift */; };
		A5D125FB2370BAAF00537CD9 /* ErrorHandler.swift in Sources */ = {isa = PBXBuildFile; fileRef = A5D125FA2370BAAF00537CD9 /* ErrorHandler.swift */; };
		A5D125FD2370BB9C00537CD9 /* VenueAPIClient.swift in Sources */ = {isa = PBXBuildFile; fileRef = A5D125FC2370BB9C00537CD9 /* VenueAPIClient.swift */; };
		A5D125FF2370C76300537CD9 /* Venues.json in Resources */ = {isa = PBXBuildFile; fileRef = A5D125FE2370C76300537CD9 /* Venues.json */; };
		A5D126032370D7F200537CD9 /* SearchVC.swift in Sources */ = {isa = PBXBuildFile; fileRef = A5D126022370D7F200537CD9 /* SearchVC.swift */; };
		A5D126052370D83300537CD9 /* CollectionsVC.swift in Sources */ = {isa = PBXBuildFile; fileRef = A5D126042370D83300537CD9 /* CollectionsVC.swift */; };
		A5D1263623723AE800537CD9 /* VenueImageCVCell.swift in Sources */ = {isa = PBXBuildFile; fileRef = A5D1263523723AE800537CD9 /* VenueImageCVCell.swift */; };
		A5D126782374CC1A00537CD9 /* CollectionsCVCell.swift in Sources */ = {isa = PBXBuildFile; fileRef = A5D126772374CC1A00537CD9 /* CollectionsCVCell.swift */; };
/* End PBXBuildFile section */

/* Begin PBXContainerItemProxy section */
		A5D125E32370B18800537CD9 /* PBXContainerItemProxy */ = {
			isa = PBXContainerItemProxy;
			containerPortal = A5D125C42370B18100537CD9 /* Project object */;
			proxyType = 1;
			remoteGlobalIDString = A5D125CB2370B18100537CD9;
			remoteInfo = "FQ-Map-Project";
		};
/* End PBXContainerItemProxy section */

/* Begin PBXFileReference section */
		A53B7FE223760B9A007D46B4 /* VenueListVC.swift */ = {isa = PBXFileReference; lastKnownFileType = sourcecode.swift; path = VenueListVC.swift; sourceTree = "<group>"; };
		A53B7FE42376199F007D46B4 /* VenueListTVCell.swift */ = {isa = PBXFileReference; lastKnownFileType = sourcecode.swift; path = VenueListTVCell.swift; sourceTree = "<group>"; };
		A53B7FF8237F4551007D46B4 /* VenueImageAPIClient.swift */ = {isa = PBXFileReference; lastKnownFileType = sourcecode.swift; path = VenueImageAPIClient.swift; sourceTree = "<group>"; };
		A53B7FFA237F4ABD007D46B4 /* VenueImageModel.swift */ = {isa = PBXFileReference; lastKnownFileType = sourcecode.swift; path = VenueImageModel.swift; sourceTree = "<group>"; };
		A53B7FFC237F99D4007D46B4 /* CreateCollectionVC.swift */ = {isa = PBXFileReference; lastKnownFileType = sourcecode.swift; path = CreateCollectionVC.swift; sourceTree = "<group>"; };
		A53B7FFF2381953B007D46B4 /* PersistenceManager.swift */ = {isa = PBXFileReference; lastKnownFileType = sourcecode.swift; path = PersistenceManager.swift; sourceTree = "<group>"; };
		A53B80012381974B007D46B4 /* CollectionPersistenceHelper.swift */ = {isa = PBXFileReference; lastKnownFileType = sourcecode.swift; path = CollectionPersistenceHelper.swift; sourceTree = "<group>"; };
		A53B8003238198A4007D46B4 /* CollectionModel.swift */ = {isa = PBXFileReference; lastKnownFileType = sourcecode.swift; path = CollectionModel.swift; sourceTree = "<group>"; };
		A53B80052381CA25007D46B4 /* VenueDVC.swift */ = {isa = PBXFileReference; lastKnownFileType = sourcecode.swift; path = VenueDVC.swift; sourceTree = "<group>"; };
		A5D125CC2370B18100537CD9 /* FQ-Map-Project.app */ = {isa = PBXFileReference; explicitFileType = wrapper.application; includeInIndex = 0; path = "FQ-Map-Project.app"; sourceTree = BUILT_PRODUCTS_DIR; };
		A5D125CF2370B18100537CD9 /* AppDelegate.swift */ = {isa = PBXFileReference; lastKnownFileType = sourcecode.swift; path = AppDelegate.swift; sourceTree = "<group>"; };
		A5D125D12370B18100537CD9 /* SceneDelegate.swift */ = {isa = PBXFileReference; lastKnownFileType = sourcecode.swift; path = SceneDelegate.swift; sourceTree = "<group>"; };
		A5D125D82370B18700537CD9 /* Assets.xcassets */ = {isa = PBXFileReference; lastKnownFileType = folder.assetcatalog; path = Assets.xcassets; sourceTree = "<group>"; };
		A5D125DB2370B18700537CD9 /* Base */ = {isa = PBXFileReference; lastKnownFileType = file.storyboard; name = Base; path = Base.lproj/LaunchScreen.storyboard; sourceTree = "<group>"; };
		A5D125DD2370B18700537CD9 /* Info.plist */ = {isa = PBXFileReference; lastKnownFileType = text.plist.xml; path = Info.plist; sourceTree = "<group>"; };
		A5D125E22370B18800537CD9 /* FQ-Map-ProjectTests.xctest */ = {isa = PBXFileReference; explicitFileType = wrapper.cfbundle; includeInIndex = 0; path = "FQ-Map-ProjectTests.xctest"; sourceTree = BUILT_PRODUCTS_DIR; };
		A5D125E62370B18800537CD9 /* FQ_Map_ProjectTests.swift */ = {isa = PBXFileReference; lastKnownFileType = sourcecode.swift; path = FQ_Map_ProjectTests.swift; sourceTree = "<group>"; };
		A5D125E82370B18800537CD9 /* Info.plist */ = {isa = PBXFileReference; lastKnownFileType = text.plist.xml; path = Info.plist; sourceTree = "<group>"; };
		A5D125F22370B34500537CD9 /* Secrets.swift */ = {isa = PBXFileReference; lastKnownFileType = sourcecode.swift; path = Secrets.swift; sourceTree = "<group>"; };
		A5D125F52370B67600537CD9 /* VenueModel.swift */ = {isa = PBXFileReference; lastKnownFileType = sourcecode.swift; path = VenueModel.swift; sourceTree = "<group>"; };
		A5D125F82370BA0400537CD9 /* NetworkManager.swift */ = {isa = PBXFileReference; lastKnownFileType = sourcecode.swift; path = NetworkManager.swift; sourceTree = "<group>"; };
		A5D125FA2370BAAF00537CD9 /* ErrorHandler.swift */ = {isa = PBXFileReference; lastKnownFileType = sourcecode.swift; path = ErrorHandler.swift; sourceTree = "<group>"; };
		A5D125FC2370BB9C00537CD9 /* VenueAPIClient.swift */ = {isa = PBXFileReference; lastKnownFileType = sourcecode.swift; path = VenueAPIClient.swift; sourceTree = "<group>"; };
		A5D125FE2370C76300537CD9 /* Venues.json */ = {isa = PBXFileReference; lastKnownFileType = text.json; path = Venues.json; sourceTree = "<group>"; };
		A5D126022370D7F200537CD9 /* SearchVC.swift */ = {isa = PBXFileReference; lastKnownFileType = sourcecode.swift; path = SearchVC.swift; sourceTree = "<group>"; };
		A5D126042370D83300537CD9 /* CollectionsVC.swift */ = {isa = PBXFileReference; lastKnownFileType = sourcecode.swift; path = CollectionsVC.swift; sourceTree = "<group>"; };
		A5D1263523723AE800537CD9 /* VenueImageCVCell.swift */ = {isa = PBXFileReference; lastKnownFileType = sourcecode.swift; path = VenueImageCVCell.swift; sourceTree = "<group>"; };
		A5D126772374CC1A00537CD9 /* CollectionsCVCell.swift */ = {isa = PBXFileReference; lastKnownFileType = sourcecode.swift; path = CollectionsCVCell.swift; sourceTree = "<group>"; };
/* End PBXFileReference section */

/* Begin PBXFrameworksBuildPhase section */
		A5D125C92370B18100537CD9 /* Frameworks */ = {
			isa = PBXFrameworksBuildPhase;
			buildActionMask = 2147483647;
			files = (
			);
			runOnlyForDeploymentPostprocessing = 0;
		};
		A5D125DF2370B18800537CD9 /* Frameworks */ = {
			isa = PBXFrameworksBuildPhase;
			buildActionMask = 2147483647;
			files = (
			);
			runOnlyForDeploymentPostprocessing = 0;
		};
/* End PBXFrameworksBuildPhase section */

/* Begin PBXGroup section */
		A53B7FFE23819508007D46B4 /* Persistence */ = {
			isa = PBXGroup;
			children = (
				A53B7FFF2381953B007D46B4 /* PersistenceManager.swift */,
				A53B80012381974B007D46B4 /* CollectionPersistenceHelper.swift */,
			);
			path = Persistence;
			sourceTree = "<group>";
		};
		A5D125C32370B18100537CD9 = {
			isa = PBXGroup;
			children = (
				A5D125CE2370B18100537CD9 /* FQ-Map-Project */,
				A5D125E52370B18800537CD9 /* FQ-Map-ProjectTests */,
				A5D125CD2370B18100537CD9 /* Products */,
			);
			sourceTree = "<group>";
		};
		A5D125CD2370B18100537CD9 /* Products */ = {
			isa = PBXGroup;
			children = (
				A5D125CC2370B18100537CD9 /* FQ-Map-Project.app */,
				A5D125E22370B18800537CD9 /* FQ-Map-ProjectTests.xctest */,
			);
			name = Products;
			sourceTree = "<group>";
		};
		A5D125CE2370B18100537CD9 /* FQ-Map-Project */ = {
			isa = PBXGroup;
			children = (
				A53B7FFE23819508007D46B4 /* Persistence */,
				A5D1263423723A7800537CD9 /* Views */,
				A5D126012370D76500537CD9 /* Controllers */,
				A5D125F72370B9A600537CD9 /* Networking */,
				A5D125F42370B5F900537CD9 /* Models */,
				A5D125F12370B2CD00537CD9 /* Confidential */,
				A5D126002370D6EA00537CD9 /* Supporting Files */,
				A5D125DD2370B18700537CD9 /* Info.plist */,
			);
			path = "FQ-Map-Project";
			sourceTree = "<group>";
		};
		A5D125E52370B18800537CD9 /* FQ-Map-ProjectTests */ = {
			isa = PBXGroup;
			children = (
				A5D125E62370B18800537CD9 /* FQ_Map_ProjectTests.swift */,
				A5D125E82370B18800537CD9 /* Info.plist */,
				A5D125FE2370C76300537CD9 /* Venues.json */,
			);
			path = "FQ-Map-ProjectTests";
			sourceTree = "<group>";
		};
		A5D125F12370B2CD00537CD9 /* Confidential */ = {
			isa = PBXGroup;
			children = (
				A5D125F22370B34500537CD9 /* Secrets.swift */,
			);
			path = Confidential;
			sourceTree = "<group>";
		};
		A5D125F42370B5F900537CD9 /* Models */ = {
			isa = PBXGroup;
			children = (
				A5D125F52370B67600537CD9 /* VenueModel.swift */,
				A53B7FFA237F4ABD007D46B4 /* VenueImageModel.swift */,
				A53B8003238198A4007D46B4 /* CollectionModel.swift */,
			);
			path = Models;
			sourceTree = "<group>";
		};
		A5D125F72370B9A600537CD9 /* Networking */ = {
			isa = PBXGroup;
			children = (
				A5D125F82370BA0400537CD9 /* NetworkManager.swift */,
				A5D125FA2370BAAF00537CD9 /* ErrorHandler.swift */,
				A5D125FC2370BB9C00537CD9 /* VenueAPIClient.swift */,
				A53B7FF8237F4551007D46B4 /* VenueImageAPIClient.swift */,
			);
			path = Networking;
			sourceTree = "<group>";
		};
		A5D126002370D6EA00537CD9 /* Supporting Files */ = {
			isa = PBXGroup;
			children = (
				A5D125CF2370B18100537CD9 /* AppDelegate.swift */,
				A5D125D12370B18100537CD9 /* SceneDelegate.swift */,
				A5D125D82370B18700537CD9 /* Assets.xcassets */,
				A5D125DA2370B18700537CD9 /* LaunchScreen.storyboard */,
			);
			path = "Supporting Files";
			sourceTree = "<group>";
		};
		A5D126012370D76500537CD9 /* Controllers */ = {
			isa = PBXGroup;
			children = (
				A5D126022370D7F200537CD9 /* SearchVC.swift */,
				A5D126042370D83300537CD9 /* CollectionsVC.swift */,
				A53B7FE223760B9A007D46B4 /* VenueListVC.swift */,
				A53B7FFC237F99D4007D46B4 /* CreateCollectionVC.swift */,
				A53B80052381CA25007D46B4 /* VenueDVC.swift */,
			);
			path = Controllers;
			sourceTree = "<group>";
		};
		A5D1263423723A7800537CD9 /* Views */ = {
			isa = PBXGroup;
			children = (
				A5D1263523723AE800537CD9 /* VenueImageCVCell.swift */,
				A5D126772374CC1A00537CD9 /* CollectionsCVCell.swift */,
				A53B7FE42376199F007D46B4 /* VenueListTVCell.swift */,
			);
			path = Views;
			sourceTree = "<group>";
		};
/* End PBXGroup section */

/* Begin PBXNativeTarget section */
		A5D125CB2370B18100537CD9 /* FQ-Map-Project */ = {
			isa = PBXNativeTarget;
			buildConfigurationList = A5D125EB2370B18800537CD9 /* Build configuration list for PBXNativeTarget "FQ-Map-Project" */;
			buildPhases = (
				A5D125C82370B18100537CD9 /* Sources */,
				A5D125C92370B18100537CD9 /* Frameworks */,
				A5D125CA2370B18100537CD9 /* Resources */,
			);
			buildRules = (
			);
			dependencies = (
			);
			name = "FQ-Map-Project";
			productName = "FQ-Map-Project";
			productReference = A5D125CC2370B18100537CD9 /* FQ-Map-Project.app */;
			productType = "com.apple.product-type.application";
		};
		A5D125E12370B18800537CD9 /* FQ-Map-ProjectTests */ = {
			isa = PBXNativeTarget;
			buildConfigurationList = A5D125EE2370B18800537CD9 /* Build configuration list for PBXNativeTarget "FQ-Map-ProjectTests" */;
			buildPhases = (
				A5D125DE2370B18800537CD9 /* Sources */,
				A5D125DF2370B18800537CD9 /* Frameworks */,
				A5D125E02370B18800537CD9 /* Resources */,
			);
			buildRules = (
			);
			dependencies = (
				A5D125E42370B18800537CD9 /* PBXTargetDependency */,
			);
			name = "FQ-Map-ProjectTests";
			productName = "FQ-Map-ProjectTests";
			productReference = A5D125E22370B18800537CD9 /* FQ-Map-ProjectTests.xctest */;
			productType = "com.apple.product-type.bundle.unit-test";
		};
/* End PBXNativeTarget section */

/* Begin PBXProject section */
		A5D125C42370B18100537CD9 /* Project object */ = {
			isa = PBXProject;
			attributes = {
				LastSwiftUpdateCheck = 1110;
				LastUpgradeCheck = 1110;
				ORGANIZATIONNAME = "Liana Norman";
				TargetAttributes = {
					A5D125CB2370B18100537CD9 = {
						CreatedOnToolsVersion = 11.1;
					};
					A5D125E12370B18800537CD9 = {
						CreatedOnToolsVersion = 11.1;
						TestTargetID = A5D125CB2370B18100537CD9;
					};
				};
			};
			buildConfigurationList = A5D125C72370B18100537CD9 /* Build configuration list for PBXProject "FQ-Map-Project" */;
			compatibilityVersion = "Xcode 9.3";
			developmentRegion = en;
			hasScannedForEncodings = 0;
			knownRegions = (
				en,
				Base,
			);
			mainGroup = A5D125C32370B18100537CD9;
			productRefGroup = A5D125CD2370B18100537CD9 /* Products */;
			projectDirPath = "";
			projectRoot = "";
			targets = (
				A5D125CB2370B18100537CD9 /* FQ-Map-Project */,
				A5D125E12370B18800537CD9 /* FQ-Map-ProjectTests */,
			);
		};
/* End PBXProject section */

/* Begin PBXResourcesBuildPhase section */
		A5D125CA2370B18100537CD9 /* Resources */ = {
			isa = PBXResourcesBuildPhase;
			buildActionMask = 2147483647;
			files = (
				A5D125DC2370B18700537CD9 /* LaunchScreen.storyboard in Resources */,
				A5D125D92370B18700537CD9 /* Assets.xcassets in Resources */,
			);
			runOnlyForDeploymentPostprocessing = 0;
		};
		A5D125E02370B18800537CD9 /* Resources */ = {
			isa = PBXResourcesBuildPhase;
			buildActionMask = 2147483647;
			files = (
				A5D125FF2370C76300537CD9 /* Venues.json in Resources */,
			);
			runOnlyForDeploymentPostprocessing = 0;
		};
/* End PBXResourcesBuildPhase section */

/* Begin PBXSourcesBuildPhase section */
		A5D125C82370B18100537CD9 /* Sources */ = {
			isa = PBXSourcesBuildPhase;
			buildActionMask = 2147483647;
			files = (
				A53B7FE323760B9A007D46B4 /* VenueListVC.swift in Sources */,
				A5D126052370D83300537CD9 /* CollectionsVC.swift in Sources */,
				A5D126032370D7F200537CD9 /* SearchVC.swift in Sources */,
				A53B8004238198A4007D46B4 /* CollectionModel.swift in Sources */,
				A53B7FFB237F4ABD007D46B4 /* VenueImageModel.swift in Sources */,
				A53B80062381CA25007D46B4 /* VenueDVC.swift in Sources */,
				A5D1263623723AE800537CD9 /* VenueImageCVCell.swift in Sources */,
				A53B80022381974B007D46B4 /* CollectionPersistenceHelper.swift in Sources */,
				A5D125F92370BA0400537CD9 /* NetworkManager.swift in Sources */,
				A5D125FB2370BAAF00537CD9 /* ErrorHandler.swift in Sources */,
				A53B80002381953B007D46B4 /* PersistenceManager.swift in Sources */,
				A5D126782374CC1A00537CD9 /* CollectionsCVCell.swift in Sources */,
				A53B7FE52376199F007D46B4 /* VenueListTVCell.swift in Sources */,
				A5D125FD2370BB9C00537CD9 /* VenueAPIClient.swift in Sources */,
				A5D125F32370B34500537CD9 /* Secrets.swift in Sources */,
				A5D125F62370B67600537CD9 /* VenueModel.swift in Sources */,
				A53B7FFD237F99D4007D46B4 /* CreateCollectionVC.swift in Sources */,
				A53B7FF9237F4551007D46B4 /* VenueImageAPIClient.swift in Sources */,
				A5D125D02370B18100537CD9 /* AppDelegate.swift in Sources */,
				A5D125D22370B18100537CD9 /* SceneDelegate.swift in Sources */,
			);
			runOnlyForDeploymentPostprocessing = 0;
		};
		A5D125DE2370B18800537CD9 /* Sources */ = {
			isa = PBXSourcesBuildPhase;
			buildActionMask = 2147483647;
			files = (
				A5D125E72370B18800537CD9 /* FQ_Map_ProjectTests.swift in Sources */,
			);
			runOnlyForDeploymentPostprocessing = 0;
		};
/* End PBXSourcesBuildPhase section */

/* Begin PBXTargetDependency section */
		A5D125E42370B18800537CD9 /* PBXTargetDependency */ = {
			isa = PBXTargetDependency;
			target = A5D125CB2370B18100537CD9 /* FQ-Map-Project */;
			targetProxy = A5D125E32370B18800537CD9 /* PBXContainerItemProxy */;
		};
/* End PBXTargetDependency section */

/* Begin PBXVariantGroup section */
		A5D125DA2370B18700537CD9 /* LaunchScreen.storyboard */ = {
			isa = PBXVariantGroup;
			children = (
				A5D125DB2370B18700537CD9 /* Base */,
			);
			name = LaunchScreen.storyboard;
			sourceTree = "<group>";
		};
/* End PBXVariantGroup section */

/* Begin XCBuildConfiguration section */
		A5D125E92370B18800537CD9 /* Debug */ = {
			isa = XCBuildConfiguration;
			buildSettings = {
				ALWAYS_SEARCH_USER_PATHS = NO;
				CLANG_ANALYZER_NONNULL = YES;
				CLANG_ANALYZER_NUMBER_OBJECT_CONVERSION = YES_AGGRESSIVE;
				CLANG_CXX_LANGUAGE_STANDARD = "gnu++14";
				CLANG_CXX_LIBRARY = "libc++";
				CLANG_ENABLE_MODULES = YES;
				CLANG_ENABLE_OBJC_ARC = YES;
				CLANG_ENABLE_OBJC_WEAK = YES;
				CLANG_WARN_BLOCK_CAPTURE_AUTORELEASING = YES;
				CLANG_WARN_BOOL_CONVERSION = YES;
				CLANG_WARN_COMMA = YES;
				CLANG_WARN_CONSTANT_CONVERSION = YES;
				CLANG_WARN_DEPRECATED_OBJC_IMPLEMENTATIONS = YES;
				CLANG_WARN_DIRECT_OBJC_ISA_USAGE = YES_ERROR;
				CLANG_WARN_DOCUMENTATION_COMMENTS = YES;
				CLANG_WARN_EMPTY_BODY = YES;
				CLANG_WARN_ENUM_CONVERSION = YES;
				CLANG_WARN_INFINITE_RECURSION = YES;
				CLANG_WARN_INT_CONVERSION = YES;
				CLANG_WARN_NON_LITERAL_NULL_CONVERSION = YES;
				CLANG_WARN_OBJC_IMPLICIT_RETAIN_SELF = YES;
				CLANG_WARN_OBJC_LITERAL_CONVERSION = YES;
				CLANG_WARN_OBJC_ROOT_CLASS = YES_ERROR;
				CLANG_WARN_RANGE_LOOP_ANALYSIS = YES;
				CLANG_WARN_STRICT_PROTOTYPES = YES;
				CLANG_WARN_SUSPICIOUS_MOVE = YES;
				CLANG_WARN_UNGUARDED_AVAILABILITY = YES_AGGRESSIVE;
				CLANG_WARN_UNREACHABLE_CODE = YES;
				CLANG_WARN__DUPLICATE_METHOD_MATCH = YES;
				COPY_PHASE_STRIP = NO;
				DEBUG_INFORMATION_FORMAT = dwarf;
				ENABLE_STRICT_OBJC_MSGSEND = YES;
				ENABLE_TESTABILITY = YES;
				GCC_C_LANGUAGE_STANDARD = gnu11;
				GCC_DYNAMIC_NO_PIC = NO;
				GCC_NO_COMMON_BLOCKS = YES;
				GCC_OPTIMIZATION_LEVEL = 0;
				GCC_PREPROCESSOR_DEFINITIONS = (
					"DEBUG=1",
					"$(inherited)",
				);
				GCC_WARN_64_TO_32_BIT_CONVERSION = YES;
				GCC_WARN_ABOUT_RETURN_TYPE = YES_ERROR;
				GCC_WARN_UNDECLARED_SELECTOR = YES;
				GCC_WARN_UNINITIALIZED_AUTOS = YES_AGGRESSIVE;
				GCC_WARN_UNUSED_FUNCTION = YES;
				GCC_WARN_UNUSED_VARIABLE = YES;
				IPHONEOS_DEPLOYMENT_TARGET = 13.1;
				MTL_ENABLE_DEBUG_INFO = INCLUDE_SOURCE;
				MTL_FAST_MATH = YES;
				ONLY_ACTIVE_ARCH = YES;
				SDKROOT = iphoneos;
				SWIFT_ACTIVE_COMPILATION_CONDITIONS = DEBUG;
				SWIFT_OPTIMIZATION_LEVEL = "-Onone";
			};
			name = Debug;
		};
		A5D125EA2370B18800537CD9 /* Release */ = {
			isa = XCBuildConfiguration;
			buildSettings = {
				ALWAYS_SEARCH_USER_PATHS = NO;
				CLANG_ANALYZER_NONNULL = YES;
				CLANG_ANALYZER_NUMBER_OBJECT_CONVERSION = YES_AGGRESSIVE;
				CLANG_CXX_LANGUAGE_STANDARD = "gnu++14";
				CLANG_CXX_LIBRARY = "libc++";
				CLANG_ENABLE_MODULES = YES;
				CLANG_ENABLE_OBJC_ARC = YES;
				CLANG_ENABLE_OBJC_WEAK = YES;
				CLANG_WARN_BLOCK_CAPTURE_AUTORELEASING = YES;
				CLANG_WARN_BOOL_CONVERSION = YES;
				CLANG_WARN_COMMA = YES;
				CLANG_WARN_CONSTANT_CONVERSION = YES;
				CLANG_WARN_DEPRECATED_OBJC_IMPLEMENTATIONS = YES;
				CLANG_WARN_DIRECT_OBJC_ISA_USAGE = YES_ERROR;
				CLANG_WARN_DOCUMENTATION_COMMENTS = YES;
				CLANG_WARN_EMPTY_BODY = YES;
				CLANG_WARN_ENUM_CONVERSION = YES;
				CLANG_WARN_INFINITE_RECURSION = YES;
				CLANG_WARN_INT_CONVERSION = YES;
				CLANG_WARN_NON_LITERAL_NULL_CONVERSION = YES;
				CLANG_WARN_OBJC_IMPLICIT_RETAIN_SELF = YES;
				CLANG_WARN_OBJC_LITERAL_CONVERSION = YES;
				CLANG_WARN_OBJC_ROOT_CLASS = YES_ERROR;
				CLANG_WARN_RANGE_LOOP_ANALYSIS = YES;
				CLANG_WARN_STRICT_PROTOTYPES = YES;
				CLANG_WARN_SUSPICIOUS_MOVE = YES;
				CLANG_WARN_UNGUARDED_AVAILABILITY = YES_AGGRESSIVE;
				CLANG_WARN_UNREACHABLE_CODE = YES;
				CLANG_WARN__DUPLICATE_METHOD_MATCH = YES;
				COPY_PHASE_STRIP = NO;
				DEBUG_INFORMATION_FORMAT = "dwarf-with-dsym";
				ENABLE_NS_ASSERTIONS = NO;
				ENABLE_STRICT_OBJC_MSGSEND = YES;
				GCC_C_LANGUAGE_STANDARD = gnu11;
				GCC_NO_COMMON_BLOCKS = YES;
				GCC_WARN_64_TO_32_BIT_CONVERSION = YES;
				GCC_WARN_ABOUT_RETURN_TYPE = YES_ERROR;
				GCC_WARN_UNDECLARED_SELECTOR = YES;
				GCC_WARN_UNINITIALIZED_AUTOS = YES_AGGRESSIVE;
				GCC_WARN_UNUSED_FUNCTION = YES;
				GCC_WARN_UNUSED_VARIABLE = YES;
				IPHONEOS_DEPLOYMENT_TARGET = 13.1;
				MTL_ENABLE_DEBUG_INFO = NO;
				MTL_FAST_MATH = YES;
				SDKROOT = iphoneos;
				SWIFT_COMPILATION_MODE = wholemodule;
				SWIFT_OPTIMIZATION_LEVEL = "-O";
				VALIDATE_PRODUCT = YES;
			};
			name = Release;
		};
		A5D125EC2370B18800537CD9 /* Debug */ = {
			isa = XCBuildConfiguration;
			buildSettings = {
				ASSETCATALOG_COMPILER_APPICON_NAME = AppIcon;
				CODE_SIGN_STYLE = Automatic;
				INFOPLIST_FILE = "FQ-Map-Project/Info.plist";
				LD_RUNPATH_SEARCH_PATHS = (
					"$(inherited)",
					"@executable_path/Frameworks",
				);
				PRODUCT_BUNDLE_IDENTIFIER = "Pursuit-Projects.FQ-Map-Project";
				PRODUCT_NAME = "$(TARGET_NAME)";
				SWIFT_VERSION = 5.0;
				TARGETED_DEVICE_FAMILY = "1,2";
			};
			name = Debug;
		};
		A5D125ED2370B18800537CD9 /* Release */ = {
			isa = XCBuildConfiguration;
			buildSettings = {
				ASSETCATALOG_COMPILER_APPICON_NAME = AppIcon;
				CODE_SIGN_STYLE = Automatic;
				INFOPLIST_FILE = "FQ-Map-Project/Info.plist";
				LD_RUNPATH_SEARCH_PATHS = (
					"$(inherited)",
					"@executable_path/Frameworks",
				);
				PRODUCT_BUNDLE_IDENTIFIER = "Pursuit-Projects.FQ-Map-Project";
				PRODUCT_NAME = "$(TARGET_NAME)";
				SWIFT_VERSION = 5.0;
				TARGETED_DEVICE_FAMILY = "1,2";
			};
			name = Release;
		};
		A5D125EF2370B18800537CD9 /* Debug */ = {
			isa = XCBuildConfiguration;
			buildSettings = {
				ALWAYS_EMBED_SWIFT_STANDARD_LIBRARIES = YES;
				BUNDLE_LOADER = "$(TEST_HOST)";
				CODE_SIGN_STYLE = Automatic;
				INFOPLIST_FILE = "FQ-Map-ProjectTests/Info.plist";
				IPHONEOS_DEPLOYMENT_TARGET = 13.1;
				LD_RUNPATH_SEARCH_PATHS = (
					"$(inherited)",
					"@executable_path/Frameworks",
					"@loader_path/Frameworks",
				);
				PRODUCT_BUNDLE_IDENTIFIER = "Pursuit-Projects.FQ-Map-ProjectTests";
				PRODUCT_NAME = "$(TARGET_NAME)";
				SWIFT_VERSION = 5.0;
				TARGETED_DEVICE_FAMILY = "1,2";
				TEST_HOST = "$(BUILT_PRODUCTS_DIR)/FQ-Map-Project.app/FQ-Map-Project";
			};
			name = Debug;
		};
		A5D125F02370B18800537CD9 /* Release */ = {
			isa = XCBuildConfiguration;
			buildSettings = {
				ALWAYS_EMBED_SWIFT_STANDARD_LIBRARIES = YES;
				BUNDLE_LOADER = "$(TEST_HOST)";
				CODE_SIGN_STYLE = Automatic;
				INFOPLIST_FILE = "FQ-Map-ProjectTests/Info.plist";
				IPHONEOS_DEPLOYMENT_TARGET = 13.1;
				LD_RUNPATH_SEARCH_PATHS = (
					"$(inherited)",
					"@executable_path/Frameworks",
					"@loader_path/Frameworks",
				);
				PRODUCT_BUNDLE_IDENTIFIER = "Pursuit-Projects.FQ-Map-ProjectTests";
				PRODUCT_NAME = "$(TARGET_NAME)";
				SWIFT_VERSION = 5.0;
				TARGETED_DEVICE_FAMILY = "1,2";
				TEST_HOST = "$(BUILT_PRODUCTS_DIR)/FQ-Map-Project.app/FQ-Map-Project";
			};
			name = Release;
		};
/* End XCBuildConfiguration section */

/* Begin XCConfigurationList section */
		A5D125C72370B18100537CD9 /* Build configuration list for PBXProject "FQ-Map-Project" */ = {
			isa = XCConfigurationList;
			buildConfigurations = (
				A5D125E92370B18800537CD9 /* Debug */,
				A5D125EA2370B18800537CD9 /* Release */,
			);
			defaultConfigurationIsVisible = 0;
			defaultConfigurationName = Release;
		};
		A5D125EB2370B18800537CD9 /* Build configuration list for PBXNativeTarget "FQ-Map-Project" */ = {
			isa = XCConfigurationList;
			buildConfigurations = (
				A5D125EC2370B18800537CD9 /* Debug */,
				A5D125ED2370B18800537CD9 /* Release */,
			);
			defaultConfigurationIsVisible = 0;
			defaultConfigurationName = Release;
		};
		A5D125EE2370B18800537CD9 /* Build configuration list for PBXNativeTarget "FQ-Map-ProjectTests" */ = {
			isa = XCConfigurationList;
			buildConfigurations = (
				A5D125EF2370B18800537CD9 /* Debug */,
				A5D125F02370B18800537CD9 /* Release */,
			);
			defaultConfigurationIsVisible = 0;
			defaultConfigurationName = Release;
		};
/* End XCConfigurationList section */
	};
	rootObject = A5D125C42370B18100537CD9 /* Project object */;
}
